// !$*UTF8*$!
{
	archiveVersion = 1;
	classes = {
	};
	objectVersion = 56;
	objects = {

/* Begin PBXBuildFile section */
		4D5678A12C4569AD00EC5B1E /* CityWeather.swift in Sources */ = {isa = PBXBuildFile; fileRef = 4D5678A02C4569AD00EC5B1E /* CityWeather.swift */; };
		4D5678A42C456E1700EC5B1E /* InfoView.swift in Sources */ = {isa = PBXBuildFile; fileRef = 4D5678A32C456E1700EC5B1E /* InfoView.swift */; };
		4D5678A72C456E5900EC5B1E /* WeatherType.swift in Sources */ = {isa = PBXBuildFile; fileRef = 4D5678A62C456E5900EC5B1E /* WeatherType.swift */; };
		4D5678AB2C456E8400EC5B1E /* Ext.swift in Sources */ = {isa = PBXBuildFile; fileRef = 4D5678AA2C456E8400EC5B1E /* Ext.swift */; };
		4D6421092C4568A90068B8AD /* NetworkManager.swift in Sources */ = {isa = PBXBuildFile; fileRef = 4D6421082C4568A90068B8AD /* NetworkManager.swift */; };
		4D6D189F2C45435200FD3B6C /* AppDelegate.swift in Sources */ = {isa = PBXBuildFile; fileRef = 4D6D189E2C45435200FD3B6C /* AppDelegate.swift */; };
		4D6D18A12C45435200FD3B6C /* SceneDelegate.swift in Sources */ = {isa = PBXBuildFile; fileRef = 4D6D18A02C45435200FD3B6C /* SceneDelegate.swift */; };
		4D6D18A82C45435400FD3B6C /* Assets.xcassets in Resources */ = {isa = PBXBuildFile; fileRef = 4D6D18A72C45435400FD3B6C /* Assets.xcassets */; };
		4D6D18AB2C45435400FD3B6C /* Base in Resources */ = {isa = PBXBuildFile; fileRef = 4D6D18AA2C45435400FD3B6C /* Base */; };
		4D6D18B92C45449900FD3B6C /* LoadPresenter.swift in Sources */ = {isa = PBXBuildFile; fileRef = 4D6D18B42C45449900FD3B6C /* LoadPresenter.swift */; };
		4D6D18BA2C45449900FD3B6C /* LoadRouter.swift in Sources */ = {isa = PBXBuildFile; fileRef = 4D6D18B52C45449900FD3B6C /* LoadRouter.swift */; };
		4D6D18BB2C45449900FD3B6C /* LoadViewController.swift in Sources */ = {isa = PBXBuildFile; fileRef = 4D6D18B62C45449900FD3B6C /* LoadViewController.swift */; };
		4D6D18BC2C45449900FD3B6C /* LoadProtocols.swift in Sources */ = {isa = PBXBuildFile; fileRef = 4D6D18B72C45449900FD3B6C /* LoadProtocols.swift */; };
		4D6D18BD2C45449900FD3B6C /* LoadInteractor.swift in Sources */ = {isa = PBXBuildFile; fileRef = 4D6D18B82C45449900FD3B6C /* LoadInteractor.swift */; };
		4D6D18C42C45463E00FD3B6C /* SnapKit in Frameworks */ = {isa = PBXBuildFile; productRef = 4D6D18C32C45463E00FD3B6C /* SnapKit */; };
		4D6D18C72C45464900FD3B6C /* Moya in Frameworks */ = {isa = PBXBuildFile; productRef = 4D6D18C62C45464900FD3B6C /* Moya */; };
		4D6D18CA2C45465200FD3B6C /* Swinject in Frameworks */ = {isa = PBXBuildFile; productRef = 4D6D18C92C45465200FD3B6C /* Swinject */; };
		4D6D18CE2C4547B000FD3B6C /* LoadingView.swift in Sources */ = {isa = PBXBuildFile; fileRef = 4D6D18CD2C4547B000FD3B6C /* LoadingView.swift */; };
		4D6D18D02C454BA300FD3B6C /* CoreLocationService.swift in Sources */ = {isa = PBXBuildFile; fileRef = 4D6D18CF2C454BA300FD3B6C /* CoreLocationService.swift */; };
		4D6D18D22C45550800FD3B6C /* NameService.swift in Sources */ = {isa = PBXBuildFile; fileRef = 4D6D18D12C45550800FD3B6C /* NameService.swift */; };
		4D6D18D92C455F3700FD3B6C /* CityPresenter.swift in Sources */ = {isa = PBXBuildFile; fileRef = 4D6D18D42C455F3700FD3B6C /* CityPresenter.swift */; };
		4D6D18DA2C455F3700FD3B6C /* CityRouter.swift in Sources */ = {isa = PBXBuildFile; fileRef = 4D6D18D52C455F3700FD3B6C /* CityRouter.swift */; };
		4D6D18DB2C455F3700FD3B6C /* CityViewController.swift in Sources */ = {isa = PBXBuildFile; fileRef = 4D6D18D62C455F3700FD3B6C /* CityViewController.swift */; };
		4D6D18DC2C455F3700FD3B6C /* CityProtocols.swift in Sources */ = {isa = PBXBuildFile; fileRef = 4D6D18D72C455F3700FD3B6C /* CityProtocols.swift */; };
		4D6D18DD2C455F3700FD3B6C /* CityInteractor.swift in Sources */ = {isa = PBXBuildFile; fileRef = 4D6D18D82C455F3700FD3B6C /* CityInteractor.swift */; };
		4D8DD4002C463C320088BF48 /* HourlyView.swift in Sources */ = {isa = PBXBuildFile; fileRef = 4D8DD3FF2C463C320088BF48 /* HourlyView.swift */; };
		4D8DD4022C464D7F0088BF48 /* DailyView.swift in Sources */ = {isa = PBXBuildFile; fileRef = 4D8DD4012C464D7F0088BF48 /* DailyView.swift */; };
		4D8DD4052C46504A0088BF48 /* DayCell.swift in Sources */ = {isa = PBXBuildFile; fileRef = 4D8DD4042C46504A0088BF48 /* DayCell.swift */; };
		4DA56E552C469BA400465657 /* SearchPresenter.swift in Sources */ = {isa = PBXBuildFile; fileRef = 4DA56E502C469BA400465657 /* SearchPresenter.swift */; };
		4DA56E562C469BA400465657 /* SearchRouter.swift in Sources */ = {isa = PBXBuildFile; fileRef = 4DA56E512C469BA400465657 /* SearchRouter.swift */; };
		4DA56E572C469BA400465657 /* SearchViewController.swift in Sources */ = {isa = PBXBuildFile; fileRef = 4DA56E522C469BA400465657 /* SearchViewController.swift */; };
		4DA56E582C469BA400465657 /* SearchProtocols.swift in Sources */ = {isa = PBXBuildFile; fileRef = 4DA56E532C469BA400465657 /* SearchProtocols.swift */; };
		4DA56E592C469BA400465657 /* SearchInteractor.swift in Sources */ = {isa = PBXBuildFile; fileRef = 4DA56E542C469BA400465657 /* SearchInteractor.swift */; };
		4DA56E612C46B6B100465657 /* SearchResult.swift in Sources */ = {isa = PBXBuildFile; fileRef = 4DA56E602C46B6B100465657 /* SearchResult.swift */; };
		4DA56E632C47920E00465657 /* SavedCityView.swift in Sources */ = {isa = PBXBuildFile; fileRef = 4DA56E622C47920E00465657 /* SavedCityView.swift */; };
		4DA56E662C4792B300465657 /* SavedCityCell.swift in Sources */ = {isa = PBXBuildFile; fileRef = 4DA56E652C4792B300465657 /* SavedCityCell.swift */; };
		4DA56E692C47950B00465657 /* UserDefaultManager.swift in Sources */ = {isa = PBXBuildFile; fileRef = 4DA56E682C47950B00465657 /* UserDefaultManager.swift */; };
		4DBEE2BC2C47DFA800BC53A8 /* UserDefaultType.swift in Sources */ = {isa = PBXBuildFile; fileRef = 4DBEE2BB2C47DFA800BC53A8 /* UserDefaultType.swift */; };
/* End PBXBuildFile section */

/* Begin PBXFileReference section */
		4D5678A02C4569AD00EC5B1E /* CityWeather.swift */ = {isa = PBXFileReference; lastKnownFileType = sourcecode.swift; path = CityWeather.swift; sourceTree = "<group>"; };
		4D5678A32C456E1700EC5B1E /* InfoView.swift */ = {isa = PBXFileReference; lastKnownFileType = sourcecode.swift; path = InfoView.swift; sourceTree = "<group>"; };
		4D5678A62C456E5900EC5B1E /* WeatherType.swift */ = {isa = PBXFileReference; lastKnownFileType = sourcecode.swift; path = WeatherType.swift; sourceTree = "<group>"; };
		4D5678AA2C456E8400EC5B1E /* Ext.swift */ = {isa = PBXFileReference; lastKnownFileType = sourcecode.swift; path = Ext.swift; sourceTree = "<group>"; };
		4D6421082C4568A90068B8AD /* NetworkManager.swift */ = {isa = PBXFileReference; lastKnownFileType = sourcecode.swift; path = NetworkManager.swift; sourceTree = "<group>"; };
		4D6D189B2C45435200FD3B6C /* AppleWeatherClone.app */ = {isa = PBXFileReference; explicitFileType = wrapper.application; includeInIndex = 0; path = AppleWeatherClone.app; sourceTree = BUILT_PRODUCTS_DIR; };
		4D6D189E2C45435200FD3B6C /* AppDelegate.swift */ = {isa = PBXFileReference; lastKnownFileType = sourcecode.swift; path = AppDelegate.swift; sourceTree = "<group>"; };
		4D6D18A02C45435200FD3B6C /* SceneDelegate.swift */ = {isa = PBXFileReference; lastKnownFileType = sourcecode.swift; path = SceneDelegate.swift; sourceTree = "<group>"; };
		4D6D18A72C45435400FD3B6C /* Assets.xcassets */ = {isa = PBXFileReference; lastKnownFileType = folder.assetcatalog; path = Assets.xcassets; sourceTree = "<group>"; };
		4D6D18AA2C45435400FD3B6C /* Base */ = {isa = PBXFileReference; lastKnownFileType = file.storyboard; name = Base; path = Base.lproj/LaunchScreen.storyboard; sourceTree = "<group>"; };
		4D6D18AC2C45435400FD3B6C /* Info.plist */ = {isa = PBXFileReference; lastKnownFileType = text.plist.xml; path = Info.plist; sourceTree = "<group>"; };
		4D6D18B42C45449900FD3B6C /* LoadPresenter.swift */ = {isa = PBXFileReference; lastKnownFileType = sourcecode.swift; path = LoadPresenter.swift; sourceTree = "<group>"; };
		4D6D18B52C45449900FD3B6C /* LoadRouter.swift */ = {isa = PBXFileReference; lastKnownFileType = sourcecode.swift; path = LoadRouter.swift; sourceTree = "<group>"; };
		4D6D18B62C45449900FD3B6C /* LoadViewController.swift */ = {isa = PBXFileReference; lastKnownFileType = sourcecode.swift; path = LoadViewController.swift; sourceTree = "<group>"; };
		4D6D18B72C45449900FD3B6C /* LoadProtocols.swift */ = {isa = PBXFileReference; lastKnownFileType = sourcecode.swift; path = LoadProtocols.swift; sourceTree = "<group>"; };
		4D6D18B82C45449900FD3B6C /* LoadInteractor.swift */ = {isa = PBXFileReference; lastKnownFileType = sourcecode.swift; path = LoadInteractor.swift; sourceTree = "<group>"; };
		4D6D18CD2C4547B000FD3B6C /* LoadingView.swift */ = {isa = PBXFileReference; lastKnownFileType = sourcecode.swift; path = LoadingView.swift; sourceTree = "<group>"; };
		4D6D18CF2C454BA300FD3B6C /* CoreLocationService.swift */ = {isa = PBXFileReference; lastKnownFileType = sourcecode.swift; path = CoreLocationService.swift; sourceTree = "<group>"; };
		4D6D18D12C45550800FD3B6C /* NameService.swift */ = {isa = PBXFileReference; lastKnownFileType = sourcecode.swift; path = NameService.swift; sourceTree = "<group>"; };
		4D6D18D42C455F3700FD3B6C /* CityPresenter.swift */ = {isa = PBXFileReference; lastKnownFileType = sourcecode.swift; path = CityPresenter.swift; sourceTree = "<group>"; };
		4D6D18D52C455F3700FD3B6C /* CityRouter.swift */ = {isa = PBXFileReference; lastKnownFileType = sourcecode.swift; path = CityRouter.swift; sourceTree = "<group>"; };
		4D6D18D62C455F3700FD3B6C /* CityViewController.swift */ = {isa = PBXFileReference; lastKnownFileType = sourcecode.swift; path = CityViewController.swift; sourceTree = "<group>"; };
		4D6D18D72C455F3700FD3B6C /* CityProtocols.swift */ = {isa = PBXFileReference; lastKnownFileType = sourcecode.swift; path = CityProtocols.swift; sourceTree = "<group>"; };
		4D6D18D82C455F3700FD3B6C /* CityInteractor.swift */ = {isa = PBXFileReference; lastKnownFileType = sourcecode.swift; path = CityInteractor.swift; sourceTree = "<group>"; };
		4D8DD3FF2C463C320088BF48 /* HourlyView.swift */ = {isa = PBXFileReference; lastKnownFileType = sourcecode.swift; path = HourlyView.swift; sourceTree = "<group>"; };
		4D8DD4012C464D7F0088BF48 /* DailyView.swift */ = {isa = PBXFileReference; lastKnownFileType = sourcecode.swift; path = DailyView.swift; sourceTree = "<group>"; };
		4D8DD4042C46504A0088BF48 /* DayCell.swift */ = {isa = PBXFileReference; lastKnownFileType = sourcecode.swift; path = DayCell.swift; sourceTree = "<group>"; };
		4DA56E502C469BA400465657 /* SearchPresenter.swift */ = {isa = PBXFileReference; lastKnownFileType = sourcecode.swift; path = SearchPresenter.swift; sourceTree = "<group>"; };
		4DA56E512C469BA400465657 /* SearchRouter.swift */ = {isa = PBXFileReference; lastKnownFileType = sourcecode.swift; path = SearchRouter.swift; sourceTree = "<group>"; };
		4DA56E522C469BA400465657 /* SearchViewController.swift */ = {isa = PBXFileReference; lastKnownFileType = sourcecode.swift; path = SearchViewController.swift; sourceTree = "<group>"; };
		4DA56E532C469BA400465657 /* SearchProtocols.swift */ = {isa = PBXFileReference; lastKnownFileType = sourcecode.swift; path = SearchProtocols.swift; sourceTree = "<group>"; };
		4DA56E542C469BA400465657 /* SearchInteractor.swift */ = {isa = PBXFileReference; lastKnownFileType = sourcecode.swift; path = SearchInteractor.swift; sourceTree = "<group>"; };
		4DA56E602C46B6B100465657 /* SearchResult.swift */ = {isa = PBXFileReference; lastKnownFileType = sourcecode.swift; path = SearchResult.swift; sourceTree = "<group>"; };
		4DA56E622C47920E00465657 /* SavedCityView.swift */ = {isa = PBXFileReference; lastKnownFileType = sourcecode.swift; path = SavedCityView.swift; sourceTree = "<group>"; };
		4DA56E652C4792B300465657 /* SavedCityCell.swift */ = {isa = PBXFileReference; lastKnownFileType = sourcecode.swift; path = SavedCityCell.swift; sourceTree = "<group>"; };
		4DA56E682C47950B00465657 /* UserDefaultManager.swift */ = {isa = PBXFileReference; lastKnownFileType = sourcecode.swift; path = UserDefaultManager.swift; sourceTree = "<group>"; };
		4DBEE2BB2C47DFA800BC53A8 /* UserDefaultType.swift */ = {isa = PBXFileReference; lastKnownFileType = sourcecode.swift; path = UserDefaultType.swift; sourceTree = "<group>"; };
/* End PBXFileReference section */

/* Begin PBXFrameworksBuildPhase section */
		4D6D18982C45435200FD3B6C /* Frameworks */ = {
			isa = PBXFrameworksBuildPhase;
			buildActionMask = 2147483647;
			files = (
				4D6D18C72C45464900FD3B6C /* Moya in Frameworks */,
				4D6D18C42C45463E00FD3B6C /* SnapKit in Frameworks */,
				4D6D18CA2C45465200FD3B6C /* Swinject in Frameworks */,
			);
			runOnlyForDeploymentPostprocessing = 0;
		};
/* End PBXFrameworksBuildPhase section */

/* Begin PBXGroup section */
		4D56789F2C4569A300EC5B1E /* Model */ = {
			isa = PBXGroup;
			children = (
				4D5678A02C4569AD00EC5B1E /* CityWeather.swift */,
			);
			path = Model;
			sourceTree = "<group>";
		};
		4D5678A22C456E0D00EC5B1E /* City */ = {
			isa = PBXGroup;
			children = (
				4D5678A32C456E1700EC5B1E /* InfoView.swift */,
				4D8DD3FF2C463C320088BF48 /* HourlyView.swift */,
				4D8DD4012C464D7F0088BF48 /* DailyView.swift */,
				4D8DD4032C464E330088BF48 /* Cell */,
			);
			path = City;
			sourceTree = "<group>";
		};
		4D5678A52C456E5100EC5B1E /* Helper */ = {
			isa = PBXGroup;
			children = (
				4D5678A62C456E5900EC5B1E /* WeatherType.swift */,
				4DBEE2BB2C47DFA800BC53A8 /* UserDefaultType.swift */,
			);
			path = Helper;
			sourceTree = "<group>";
		};
		4D5678A82C456E7000EC5B1E /* Ext */ = {
			isa = PBXGroup;
			children = (
				4D5678AA2C456E8400EC5B1E /* Ext.swift */,
			);
			path = Ext;
			sourceTree = "<group>";
		};
		4D6D18922C45435200FD3B6C = {
			isa = PBXGroup;
			children = (
				4D6D189D2C45435200FD3B6C /* AppleWeatherClone */,
				4D6D189C2C45435200FD3B6C /* Products */,
			);
			sourceTree = "<group>";
		};
		4D6D189C2C45435200FD3B6C /* Products */ = {
			isa = PBXGroup;
			children = (
				4D6D189B2C45435200FD3B6C /* AppleWeatherClone.app */,
			);
			name = Products;
			sourceTree = "<group>";
		};
		4D6D189D2C45435200FD3B6C /* AppleWeatherClone */ = {
			isa = PBXGroup;
			children = (
				4D6D18BE2C4545C300FD3B6C /* App */,
				4D6D18BF2C4545C800FD3B6C /* Resources */,
				4D6D18C12C4545FC00FD3B6C /* Services */,
				4D6D18C02C4545F200FD3B6C /* Common */,
				4D6D18B22C45445D00FD3B6C /* Modules */,
			);
			path = AppleWeatherClone;
			sourceTree = "<group>";
		};
		4D6D18B22C45445D00FD3B6C /* Modules */ = {
			isa = PBXGroup;
			children = (
				4DA56E4F2C469B8E00465657 /* Search */,
				4D6D18D32C455F2A00FD3B6C /* City */,
				4D6D18B32C45448E00FD3B6C /* Load */,
			);
			path = Modules;
			sourceTree = "<group>";
		};
		4D6D18B32C45448E00FD3B6C /* Load */ = {
			isa = PBXGroup;
			children = (
				4D6D18B42C45449900FD3B6C /* LoadPresenter.swift */,
				4D6D18B52C45449900FD3B6C /* LoadRouter.swift */,
				4D6D18B62C45449900FD3B6C /* LoadViewController.swift */,
				4D6D18B72C45449900FD3B6C /* LoadProtocols.swift */,
				4D6D18B82C45449900FD3B6C /* LoadInteractor.swift */,
			);
			path = Load;
			sourceTree = "<group>";
		};
		4D6D18BE2C4545C300FD3B6C /* App */ = {
			isa = PBXGroup;
			children = (
				4D6D189E2C45435200FD3B6C /* AppDelegate.swift */,
				4D6D18A02C45435200FD3B6C /* SceneDelegate.swift */,
				4D6D18A92C45435400FD3B6C /* LaunchScreen.storyboard */,
			);
			path = App;
			sourceTree = "<group>";
		};
		4D6D18BF2C4545C800FD3B6C /* Resources */ = {
			isa = PBXGroup;
			children = (
				4D6D18A72C45435400FD3B6C /* Assets.xcassets */,
				4D6D18AC2C45435400FD3B6C /* Info.plist */,
			);
			path = Resources;
			sourceTree = "<group>";
		};
		4D6D18C02C4545F200FD3B6C /* Common */ = {
			isa = PBXGroup;
			children = (
				4DA56E672C4794FD00465657 /* Manager */,
				4D5678A82C456E7000EC5B1E /* Ext */,
				4D5678A52C456E5100EC5B1E /* Helper */,
				4D6D18CB2C45479C00FD3B6C /* UI */,
			);
			path = Common;
			sourceTree = "<group>";
		};
		4D6D18C12C4545FC00FD3B6C /* Services */ = {
			isa = PBXGroup;
			children = (
				4DA56E5E2C46B6A100465657 /* Search */,
				4DA56E5D2C46B69200465657 /* City */,
				4D6D18CF2C454BA300FD3B6C /* CoreLocationService.swift */,
				4D6D18D12C45550800FD3B6C /* NameService.swift */,
				4D6421082C4568A90068B8AD /* NetworkManager.swift */,
			);
			path = Services;
			sourceTree = "<group>";
		};
		4D6D18CB2C45479C00FD3B6C /* UI */ = {
			isa = PBXGroup;
			children = (
				4DA56E5A2C46A23C00465657 /* Search */,
				4D5678A22C456E0D00EC5B1E /* City */,
				4D6D18CC2C4547A300FD3B6C /* Load */,
			);
			path = UI;
			sourceTree = "<group>";
		};
		4D6D18CC2C4547A300FD3B6C /* Load */ = {
			isa = PBXGroup;
			children = (
				4D6D18CD2C4547B000FD3B6C /* LoadingView.swift */,
			);
			path = Load;
			sourceTree = "<group>";
		};
		4D6D18D32C455F2A00FD3B6C /* City */ = {
			isa = PBXGroup;
			children = (
				4D6D18D42C455F3700FD3B6C /* CityPresenter.swift */,
				4D6D18D52C455F3700FD3B6C /* CityRouter.swift */,
				4D6D18D62C455F3700FD3B6C /* CityViewController.swift */,
				4D6D18D72C455F3700FD3B6C /* CityProtocols.swift */,
				4D6D18D82C455F3700FD3B6C /* CityInteractor.swift */,
			);
			path = City;
			sourceTree = "<group>";
		};
		4D8DD4032C464E330088BF48 /* Cell */ = {
			isa = PBXGroup;
			children = (
				4D8DD4042C46504A0088BF48 /* DayCell.swift */,
			);
			path = Cell;
			sourceTree = "<group>";
		};
		4DA56E4F2C469B8E00465657 /* Search */ = {
			isa = PBXGroup;
			children = (
				4DA56E502C469BA400465657 /* SearchPresenter.swift */,
				4DA56E512C469BA400465657 /* SearchRouter.swift */,
				4DA56E522C469BA400465657 /* SearchViewController.swift */,
				4DA56E532C469BA400465657 /* SearchProtocols.swift */,
				4DA56E542C469BA400465657 /* SearchInteractor.swift */,
			);
			path = Search;
			sourceTree = "<group>";
		};
		4DA56E5A2C46A23C00465657 /* Search */ = {
			isa = PBXGroup;
			children = (
				4DA56E622C47920E00465657 /* SavedCityView.swift */,
				4DA56E642C4792A400465657 /* Cell */,
			);
			path = Search;
			sourceTree = "<group>";
		};
		4DA56E5D2C46B69200465657 /* City */ = {
			isa = PBXGroup;
			children = (
				4D56789F2C4569A300EC5B1E /* Model */,
			);
			path = City;
			sourceTree = "<group>";
		};
		4DA56E5E2C46B6A100465657 /* Search */ = {
			isa = PBXGroup;
			children = (
				4DA56E5F2C46B6A700465657 /* Model */,
			);
			path = Search;
			sourceTree = "<group>";
		};
		4DA56E5F2C46B6A700465657 /* Model */ = {
			isa = PBXGroup;
			children = (
				4DA56E602C46B6B100465657 /* SearchResult.swift */,
			);
			path = Model;
			sourceTree = "<group>";
		};
		4DA56E642C4792A400465657 /* Cell */ = {
			isa = PBXGroup;
			children = (
				4DA56E652C4792B300465657 /* SavedCityCell.swift */,
			);
			path = Cell;
			sourceTree = "<group>";
		};
		4DA56E672C4794FD00465657 /* Manager */ = {
			isa = PBXGroup;
			children = (
				4DA56E682C47950B00465657 /* UserDefaultManager.swift */,
			);
			path = Manager;
			sourceTree = "<group>";
		};
/* End PBXGroup section */

/* Begin PBXNativeTarget section */
		4D6D189A2C45435200FD3B6C /* AppleWeatherClone */ = {
			isa = PBXNativeTarget;
			buildConfigurationList = 4D6D18AF2C45435400FD3B6C /* Build configuration list for PBXNativeTarget "AppleWeatherClone" */;
			buildPhases = (
				4D6D18972C45435200FD3B6C /* Sources */,
				4D6D18982C45435200FD3B6C /* Frameworks */,
				4D6D18992C45435200FD3B6C /* Resources */,
			);
			buildRules = (
			);
			dependencies = (
			);
			name = AppleWeatherClone;
			packageProductDependencies = (
				4D6D18C32C45463E00FD3B6C /* SnapKit */,
				4D6D18C62C45464900FD3B6C /* Moya */,
				4D6D18C92C45465200FD3B6C /* Swinject */,
			);
			productName = AppleWeatherClone;
			productReference = 4D6D189B2C45435200FD3B6C /* AppleWeatherClone.app */;
			productType = "com.apple.product-type.application";
		};
/* End PBXNativeTarget section */

/* Begin PBXProject section */
		4D6D18932C45435200FD3B6C /* Project object */ = {
			isa = PBXProject;
			attributes = {
				BuildIndependentTargetsInParallel = 1;
				LastSwiftUpdateCheck = 1540;
				LastUpgradeCheck = 1540;
				TargetAttributes = {
					4D6D189A2C45435200FD3B6C = {
						CreatedOnToolsVersion = 15.4;
					};
				};
			};
			buildConfigurationList = 4D6D18962C45435200FD3B6C /* Build configuration list for PBXProject "AppleWeatherClone" */;
			compatibilityVersion = "Xcode 14.0";
			developmentRegion = en;
			hasScannedForEncodings = 0;
			knownRegions = (
				en,
				Base,
			);
			mainGroup = 4D6D18922C45435200FD3B6C;
			packageReferences = (
				4D6D18C22C45463E00FD3B6C /* XCRemoteSwiftPackageReference "SnapKit" */,
				4D6D18C52C45464900FD3B6C /* XCRemoteSwiftPackageReference "Moya" */,
				4D6D18C82C45465200FD3B6C /* XCRemoteSwiftPackageReference "Swinject" */,
			);
			productRefGroup = 4D6D189C2C45435200FD3B6C /* Products */;
			projectDirPath = "";
			projectRoot = "";
			targets = (
				4D6D189A2C45435200FD3B6C /* AppleWeatherClone */,
			);
		};
/* End PBXProject section */

/* Begin PBXResourcesBuildPhase section */
		4D6D18992C45435200FD3B6C /* Resources */ = {
			isa = PBXResourcesBuildPhase;
			buildActionMask = 2147483647;
			files = (
				4D6D18A82C45435400FD3B6C /* Assets.xcassets in Resources */,
				4D6D18AB2C45435400FD3B6C /* Base in Resources */,
			);
			runOnlyForDeploymentPostprocessing = 0;
		};
/* End PBXResourcesBuildPhase section */

/* Begin PBXSourcesBuildPhase section */
		4D6D18972C45435200FD3B6C /* Sources */ = {
			isa = PBXSourcesBuildPhase;
			buildActionMask = 2147483647;
			files = (
				4D6D18D22C45550800FD3B6C /* NameService.swift in Sources */,
				4D6D18B92C45449900FD3B6C /* LoadPresenter.swift in Sources */,
				4D8DD4022C464D7F0088BF48 /* DailyView.swift in Sources */,
				4D5678A42C456E1700EC5B1E /* InfoView.swift in Sources */,
				4D6D18BA2C45449900FD3B6C /* LoadRouter.swift in Sources */,
				4D6D18BB2C45449900FD3B6C /* LoadViewController.swift in Sources */,
				4D6421092C4568A90068B8AD /* NetworkManager.swift in Sources */,
				4D6D18D02C454BA300FD3B6C /* CoreLocationService.swift in Sources */,
				4D6D18BC2C45449900FD3B6C /* LoadProtocols.swift in Sources */,
				4DA56E552C469BA400465657 /* SearchPresenter.swift in Sources */,
				4DA56E562C469BA400465657 /* SearchRouter.swift in Sources */,
				4DA56E572C469BA400465657 /* SearchViewController.swift in Sources */,
				4DA56E582C469BA400465657 /* SearchProtocols.swift in Sources */,
				4DA56E592C469BA400465657 /* SearchInteractor.swift in Sources */,
				4D6D18CE2C4547B000FD3B6C /* LoadingView.swift in Sources */,
				4DA56E632C47920E00465657 /* SavedCityView.swift in Sources */,
				4DA56E662C4792B300465657 /* SavedCityCell.swift in Sources */,
				4D5678AB2C456E8400EC5B1E /* Ext.swift in Sources */,
				4DA56E692C47950B00465657 /* UserDefaultManager.swift in Sources */,
				4DBEE2BC2C47DFA800BC53A8 /* UserDefaultType.swift in Sources */,
				4D8DD4052C46504A0088BF48 /* DayCell.swift in Sources */,
				4D6D18BD2C45449900FD3B6C /* LoadInteractor.swift in Sources */,
				4D6D189F2C45435200FD3B6C /* AppDelegate.swift in Sources */,
				4D6D18A12C45435200FD3B6C /* SceneDelegate.swift in Sources */,
				4DA56E612C46B6B100465657 /* SearchResult.swift in Sources */,
				4D5678A12C4569AD00EC5B1E /* CityWeather.swift in Sources */,
				4D6D18D92C455F3700FD3B6C /* CityPresenter.swift in Sources */,
				4D6D18DA2C455F3700FD3B6C /* CityRouter.swift in Sources */,
				4D6D18DB2C455F3700FD3B6C /* CityViewController.swift in Sources */,
				4D6D18DC2C455F3700FD3B6C /* CityProtocols.swift in Sources */,
				4D8DD4002C463C320088BF48 /* HourlyView.swift in Sources */,
				4D6D18DD2C455F3700FD3B6C /* CityInteractor.swift in Sources */,
				4D5678A72C456E5900EC5B1E /* WeatherType.swift in Sources */,
			);
			runOnlyForDeploymentPostprocessing = 0;
		};
/* End PBXSourcesBuildPhase section */

/* Begin PBXVariantGroup section */
		4D6D18A92C45435400FD3B6C /* LaunchScreen.storyboard */ = {
			isa = PBXVariantGroup;
			children = (
				4D6D18AA2C45435400FD3B6C /* Base */,
			);
			name = LaunchScreen.storyboard;
			sourceTree = "<group>";
		};
/* End PBXVariantGroup section */

/* Begin XCBuildConfiguration section */
		4D6D18AD2C45435400FD3B6C /* Debug */ = {
			isa = XCBuildConfiguration;
			buildSettings = {
				ALWAYS_SEARCH_USER_PATHS = NO;
				ASSETCATALOG_COMPILER_GENERATE_SWIFT_ASSET_SYMBOL_EXTENSIONS = YES;
				CLANG_ANALYZER_NONNULL = YES;
				CLANG_ANALYZER_NUMBER_OBJECT_CONVERSION = YES_AGGRESSIVE;
				CLANG_CXX_LANGUAGE_STANDARD = "gnu++20";
				CLANG_ENABLE_MODULES = YES;
				CLANG_ENABLE_OBJC_ARC = YES;
				CLANG_ENABLE_OBJC_WEAK = YES;
				CLANG_WARN_BLOCK_CAPTURE_AUTORELEASING = YES;
				CLANG_WARN_BOOL_CONVERSION = YES;
				CLANG_WARN_COMMA = YES;
				CLANG_WARN_CONSTANT_CONVERSION = YES;
				CLANG_WARN_DEPRECATED_OBJC_IMPLEMENTATIONS = YES;
				CLANG_WARN_DIRECT_OBJC_ISA_USAGE = YES_ERROR;
				CLANG_WARN_DOCUMENTATION_COMMENTS = YES;
				CLANG_WARN_EMPTY_BODY = YES;
				CLANG_WARN_ENUM_CONVERSION = YES;
				CLANG_WARN_INFINITE_RECURSION = YES;
				CLANG_WARN_INT_CONVERSION = YES;
				CLANG_WARN_NON_LITERAL_NULL_CONVERSION = YES;
				CLANG_WARN_OBJC_IMPLICIT_RETAIN_SELF = YES;
				CLANG_WARN_OBJC_LITERAL_CONVERSION = YES;
				CLANG_WARN_OBJC_ROOT_CLASS = YES_ERROR;
				CLANG_WARN_QUOTED_INCLUDE_IN_FRAMEWORK_HEADER = YES;
				CLANG_WARN_RANGE_LOOP_ANALYSIS = YES;
				CLANG_WARN_STRICT_PROTOTYPES = YES;
				CLANG_WARN_SUSPICIOUS_MOVE = YES;
				CLANG_WARN_UNGUARDED_AVAILABILITY = YES_AGGRESSIVE;
				CLANG_WARN_UNREACHABLE_CODE = YES;
				CLANG_WARN__DUPLICATE_METHOD_MATCH = YES;
				COPY_PHASE_STRIP = NO;
				DEBUG_INFORMATION_FORMAT = dwarf;
				ENABLE_STRICT_OBJC_MSGSEND = YES;
				ENABLE_TESTABILITY = YES;
				ENABLE_USER_SCRIPT_SANDBOXING = YES;
				GCC_C_LANGUAGE_STANDARD = gnu17;
				GCC_DYNAMIC_NO_PIC = NO;
				GCC_NO_COMMON_BLOCKS = YES;
				GCC_OPTIMIZATION_LEVEL = 0;
				GCC_PREPROCESSOR_DEFINITIONS = (
					"DEBUG=1",
					"$(inherited)",
				);
				GCC_WARN_64_TO_32_BIT_CONVERSION = YES;
				GCC_WARN_ABOUT_RETURN_TYPE = YES_ERROR;
				GCC_WARN_UNDECLARED_SELECTOR = YES;
				GCC_WARN_UNINITIALIZED_AUTOS = YES_AGGRESSIVE;
				GCC_WARN_UNUSED_FUNCTION = YES;
				GCC_WARN_UNUSED_VARIABLE = YES;
				IPHONEOS_DEPLOYMENT_TARGET = 17.5;
				LOCALIZATION_PREFERS_STRING_CATALOGS = YES;
				MTL_ENABLE_DEBUG_INFO = INCLUDE_SOURCE;
				MTL_FAST_MATH = YES;
				ONLY_ACTIVE_ARCH = YES;
				SDKROOT = iphoneos;
				SWIFT_ACTIVE_COMPILATION_CONDITIONS = "DEBUG $(inherited)";
				SWIFT_OPTIMIZATION_LEVEL = "-Onone";
			};
			name = Debug;
		};
		4D6D18AE2C45435400FD3B6C /* Release */ = {
			isa = XCBuildConfiguration;
			buildSettings = {
				ALWAYS_SEARCH_USER_PATHS = NO;
				ASSETCATALOG_COMPILER_GENERATE_SWIFT_ASSET_SYMBOL_EXTENSIONS = YES;
				CLANG_ANALYZER_NONNULL = YES;
				CLANG_ANALYZER_NUMBER_OBJECT_CONVERSION = YES_AGGRESSIVE;
				CLANG_CXX_LANGUAGE_STANDARD = "gnu++20";
				CLANG_ENABLE_MODULES = YES;
				CLANG_ENABLE_OBJC_ARC = YES;
				CLANG_ENABLE_OBJC_WEAK = YES;
				CLANG_WARN_BLOCK_CAPTURE_AUTORELEASING = YES;
				CLANG_WARN_BOOL_CONVERSION = YES;
				CLANG_WARN_COMMA = YES;
				CLANG_WARN_CONSTANT_CONVERSION = YES;
				CLANG_WARN_DEPRECATED_OBJC_IMPLEMENTATIONS = YES;
				CLANG_WARN_DIRECT_OBJC_ISA_USAGE = YES_ERROR;
				CLANG_WARN_DOCUMENTATION_COMMENTS = YES;
				CLANG_WARN_EMPTY_BODY = YES;
				CLANG_WARN_ENUM_CONVERSION = YES;
				CLANG_WARN_INFINITE_RECURSION = YES;
				CLANG_WARN_INT_CONVERSION = YES;
				CLANG_WARN_NON_LITERAL_NULL_CONVERSION = YES;
				CLANG_WARN_OBJC_IMPLICIT_RETAIN_SELF = YES;
				CLANG_WARN_OBJC_LITERAL_CONVERSION = YES;
				CLANG_WARN_OBJC_ROOT_CLASS = YES_ERROR;
				CLANG_WARN_QUOTED_INCLUDE_IN_FRAMEWORK_HEADER = YES;
				CLANG_WARN_RANGE_LOOP_ANALYSIS = YES;
				CLANG_WARN_STRICT_PROTOTYPES = YES;
				CLANG_WARN_SUSPICIOUS_MOVE = YES;
				CLANG_WARN_UNGUARDED_AVAILABILITY = YES_AGGRESSIVE;
				CLANG_WARN_UNREACHABLE_CODE = YES;
				CLANG_WARN__DUPLICATE_METHOD_MATCH = YES;
				COPY_PHASE_STRIP = NO;
				DEBUG_INFORMATION_FORMAT = "dwarf-with-dsym";
				ENABLE_NS_ASSERTIONS = NO;
				ENABLE_STRICT_OBJC_MSGSEND = YES;
				ENABLE_USER_SCRIPT_SANDBOXING = YES;
				GCC_C_LANGUAGE_STANDARD = gnu17;
				GCC_NO_COMMON_BLOCKS = YES;
				GCC_WARN_64_TO_32_BIT_CONVERSION = YES;
				GCC_WARN_ABOUT_RETURN_TYPE = YES_ERROR;
				GCC_WARN_UNDECLARED_SELECTOR = YES;
				GCC_WARN_UNINITIALIZED_AUTOS = YES_AGGRESSIVE;
				GCC_WARN_UNUSED_FUNCTION = YES;
				GCC_WARN_UNUSED_VARIABLE = YES;
				IPHONEOS_DEPLOYMENT_TARGET = 17.5;
				LOCALIZATION_PREFERS_STRING_CATALOGS = YES;
				MTL_ENABLE_DEBUG_INFO = NO;
				MTL_FAST_MATH = YES;
				SDKROOT = iphoneos;
				SWIFT_COMPILATION_MODE = wholemodule;
				VALIDATE_PRODUCT = YES;
			};
			name = Release;
		};
		4D6D18B02C45435400FD3B6C /* Debug */ = {
			isa = XCBuildConfiguration;
			buildSettings = {
				ASSETCATALOG_COMPILER_APPICON_NAME = AppIcon;
				ASSETCATALOG_COMPILER_GLOBAL_ACCENT_COLOR_NAME = AccentColor;
				CODE_SIGN_STYLE = Automatic;
				CURRENT_PROJECT_VERSION = 1;
				DEVELOPMENT_TEAM = B34B7NL5L2;
				GENERATE_INFOPLIST_FILE = YES;
				INFOPLIST_FILE = AppleWeatherClone/Resources/Info.plist;
				INFOPLIST_KEY_UIApplicationSupportsIndirectInputEvents = YES;
				INFOPLIST_KEY_UILaunchStoryboardName = LaunchScreen;
				INFOPLIST_KEY_UIMainStoryboardFile = "";
				INFOPLIST_KEY_UISupportedInterfaceOrientations_iPad = "UIInterfaceOrientationPortrait UIInterfaceOrientationPortraitUpsideDown UIInterfaceOrientationLandscapeLeft UIInterfaceOrientationLandscapeRight";
				INFOPLIST_KEY_UISupportedInterfaceOrientations_iPhone = "UIInterfaceOrientationPortrait UIInterfaceOrientationLandscapeLeft UIInterfaceOrientationLandscapeRight";
				LD_RUNPATH_SEARCH_PATHS = (
					"$(inherited)",
					"@executable_path/Frameworks",
				);
				MARKETING_VERSION = 1.0;
				PRODUCT_BUNDLE_IDENTIFIER = mitya.AppleWeatherClone;
				PRODUCT_NAME = "$(TARGET_NAME)";
				SUPPORTED_PLATFORMS = "iphoneos iphonesimulator";
				SUPPORTS_MACCATALYST = NO;
				SUPPORTS_MAC_DESIGNED_FOR_IPHONE_IPAD = NO;
				SUPPORTS_XR_DESIGNED_FOR_IPHONE_IPAD = NO;
				SWIFT_EMIT_LOC_STRINGS = YES;
				SWIFT_VERSION = 5.0;
				TARGETED_DEVICE_FAMILY = "1,2";
			};
			name = Debug;
		};
		4D6D18B12C45435400FD3B6C /* Release */ = {
			isa = XCBuildConfiguration;
			buildSettings = {
				ASSETCATALOG_COMPILER_APPICON_NAME = AppIcon;
				ASSETCATALOG_COMPILER_GLOBAL_ACCENT_COLOR_NAME = AccentColor;
				CODE_SIGN_STYLE = Automatic;
				CURRENT_PROJECT_VERSION = 1;
				DEVELOPMENT_TEAM = B34B7NL5L2;
				GENERATE_INFOPLIST_FILE = YES;
				INFOPLIST_FILE = AppleWeatherClone/Resources/Info.plist;
				INFOPLIST_KEY_UIApplicationSupportsIndirectInputEvents = YES;
				INFOPLIST_KEY_UILaunchStoryboardName = LaunchScreen;
				INFOPLIST_KEY_UIMainStoryboardFile = "";
				INFOPLIST_KEY_UISupportedInterfaceOrientations_iPad = "UIInterfaceOrientationPortrait UIInterfaceOrientationPortraitUpsideDown UIInterfaceOrientationLandscapeLeft UIInterfaceOrientationLandscapeRight";
				INFOPLIST_KEY_UISupportedInterfaceOrientations_iPhone = "UIInterfaceOrientationPortrait UIInterfaceOrientationLandscapeLeft UIInterfaceOrientationLandscapeRight";
				LD_RUNPATH_SEARCH_PATHS = (
					"$(inherited)",
					"@executable_path/Frameworks",
				);
				MARKETING_VERSION = 1.0;
				PRODUCT_BUNDLE_IDENTIFIER = mitya.AppleWeatherClone;
				PRODUCT_NAME = "$(TARGET_NAME)";
				SUPPORTED_PLATFORMS = "iphoneos iphonesimulator";
				SUPPORTS_MACCATALYST = NO;
				SUPPORTS_MAC_DESIGNED_FOR_IPHONE_IPAD = NO;
				SUPPORTS_XR_DESIGNED_FOR_IPHONE_IPAD = NO;
				SWIFT_EMIT_LOC_STRINGS = YES;
				SWIFT_VERSION = 5.0;
				TARGETED_DEVICE_FAMILY = "1,2";
			};
			name = Release;
		};
/* End XCBuildConfiguration section */

/* Begin XCConfigurationList section */
		4D6D18962C45435200FD3B6C /* Build configuration list for PBXProject "AppleWeatherClone" */ = {
			isa = XCConfigurationList;
			buildConfigurations = (
				4D6D18AD2C45435400FD3B6C /* Debug */,
				4D6D18AE2C45435400FD3B6C /* Release */,
			);
			defaultConfigurationIsVisible = 0;
			defaultConfigurationName = Release;
		};
		4D6D18AF2C45435400FD3B6C /* Build configuration list for PBXNativeTarget "AppleWeatherClone" */ = {
			isa = XCConfigurationList;
			buildConfigurations = (
				4D6D18B02C45435400FD3B6C /* Debug */,
				4D6D18B12C45435400FD3B6C /* Release */,
			);
			defaultConfigurationIsVisible = 0;
			defaultConfigurationName = Release;
		};
/* End XCConfigurationList section */

/* Begin XCRemoteSwiftPackageReference section */
		4D6D18C22C45463E00FD3B6C /* XCRemoteSwiftPackageReference "SnapKit" */ = {
			isa = XCRemoteSwiftPackageReference;
			repositoryURL = "https://github.com/SnapKit/SnapKit.git";
			requirement = {
				kind = upToNextMajorVersion;
				minimumVersion = 5.7.1;
			};
		};
		4D6D18C52C45464900FD3B6C /* XCRemoteSwiftPackageReference "Moya" */ = {
			isa = XCRemoteSwiftPackageReference;
			repositoryURL = "https://github.com/Moya/Moya.git";
			requirement = {
				kind = upToNextMajorVersion;
				minimumVersion = 15.0.3;
			};
		};
		4D6D18C82C45465200FD3B6C /* XCRemoteSwiftPackageReference "Swinject" */ = {
			isa = XCRemoteSwiftPackageReference;
			repositoryURL = "https://github.com/Swinject/Swinject.git";
			requirement = {
				kind = upToNextMajorVersion;
				minimumVersion = 2.9.1;
			};
		};
/* End XCRemoteSwiftPackageReference section */

/* Begin XCSwiftPackageProductDependency section */
		4D6D18C32C45463E00FD3B6C /* SnapKit */ = {
			isa = XCSwiftPackageProductDependency;
			package = 4D6D18C22C45463E00FD3B6C /* XCRemoteSwiftPackageReference "SnapKit" */;
			productName = SnapKit;
		};
		4D6D18C62C45464900FD3B6C /* Moya */ = {
			isa = XCSwiftPackageProductDependency;
			package = 4D6D18C52C45464900FD3B6C /* XCRemoteSwiftPackageReference "Moya" */;
			productName = Moya;
		};
		4D6D18C92C45465200FD3B6C /* Swinject */ = {
			isa = XCSwiftPackageProductDependency;
			package = 4D6D18C82C45465200FD3B6C /* XCRemoteSwiftPackageReference "Swinject" */;
			productName = Swinject;
		};
/* End XCSwiftPackageProductDependency section */
	};
	rootObject = 4D6D18932C45435200FD3B6C /* Project object */;
}
